
Microsoft Visual Studio Solution File, Format Version 12.00
# Visual Studio Version 16
VisualStudioVersion = 16.0.29521.150
MinimumVisualStudioVersion = 10.0.40219.1
Project("{FAE04EC0-301F-11D3-BF4B-00C04F79EFBC}") = "CW201219", "CW201219.csproj", "{5012D4C9-EFC8-44E5-93B5-B3C47DB05D0B}"
EndProject
Global
	GlobalSection(SolutionConfigurationPlatforms) = preSolution
		Debug|Any CPU = Debug|Any CPU
		Release|Any CPU = Release|Any CPU
	EndGlobalSection
	GlobalSection(ProjectConfigurationPlatforms) = postSolution
		{5012D4C9-EFC8-44E5-93B5-B3C47DB05D0B}.Debug|Any CPU.ActiveCfg = Debug|Any CPU
		{5012D4C9-EFC8-44E5-93B5-B3C47DB05D0B}.Debug|Any CPU.Build.0 = Debug|Any CPU
		{5012D4C9-EFC8-44E5-93B5-B3C47DB05D0B}.Release|Any CPU.ActiveCfg = Release|Any CPU
		{5012D4C9-EFC8-44E5-93B5-B3C47DB05D0B}.Release|Any CPU.Build.0 = Release|Any CPU
	EndGlobalSection
	GlobalSection(SolutionProperties) = preSolution
		HideSolutionNode = FALSE
	EndGlobalSection
	GlobalSection(ExtensibilityGlobals) = postSolution
		SolutionGuid = {EE88AA33-94DF-445C-8682-2AE0215B604B}
	EndGlobalSection
EndGlobal
